
Microsoft Visual Studio Solution File, Format Version 12.00
# Visual Studio Version 17
VisualStudioVersion = 17.4.33122.133
MinimumVisualStudioVersion = 10.0.40219.1
Project("{FAE04EC0-301F-11D3-BF4B-00C04F79EFBC}") = "MenuExample", "Menu\MenuExample.csproj", "{091721EC-1CF4-4C5B-93D0-1CF003FF366A}"
EndProject
Project("{FAE04EC0-301F-11D3-BF4B-00C04F79EFBC}") = "CompanyExample", "EmployeeExample\CompanyExample.csproj", "{22911FA5-3BFF-4AA5-AD49-85A33B3C53CC}"
EndProject
Global
	GlobalSection(SolutionConfigurationPlatforms) = preSolution
		Debug|Any CPU = Debug|Any CPU
		Release|Any CPU = Release|Any CPU
	EndGlobalSection
	GlobalSection(ProjectConfigurationPlatforms) = postSolution
		{091721EC-1CF4-4C5B-93D0-1CF003FF366A}.Debug|Any CPU.ActiveCfg = Debug|Any CPU
		{091721EC-1CF4-4C5B-93D0-1CF003FF366A}.Debug|Any CPU.Build.0 = Debug|Any CPU
		{091721EC-1CF4-4C5B-93D0-1CF003FF366A}.Release|Any CPU.ActiveCfg = Release|Any CPU
		{091721EC-1CF4-4C5B-93D0-1CF003FF366A}.Release|Any CPU.Build.0 = Release|Any CPU
		{22911FA5-3BFF-4AA5-AD49-85A33B3C53CC}.Debug|Any CPU.ActiveCfg = Debug|Any CPU
		{22911FA5-3BFF-4AA5-AD49-85A33B3C53CC}.Debug|Any CPU.Build.0 = Debug|Any CPU
		{22911FA5-3BFF-4AA5-AD49-85A33B3C53CC}.Release|Any CPU.ActiveCfg = Release|Any CPU
		{22911FA5-3BFF-4AA5-AD49-85A33B3C53CC}.Release|Any CPU.Build.0 = Release|Any CPU
	EndGlobalSection
	GlobalSection(SolutionProperties) = preSolution
		HideSolutionNode = FALSE
	EndGlobalSection
	GlobalSection(ExtensibilityGlobals) = postSolution
		SolutionGuid = {73A4FFE6-64C0-4CF4-8D09-1AD98CCD66AC}
	EndGlobalSection
EndGlobal
